# THIS IS AN AUTOGENERATED FILE. DO NOT EDIT THIS FILE DIRECTLY.
# yarn lockfile v1


robots-parser@^2.1.1:
  version "2.1.1"
  resolved "https://registry.yarnpkg.com/robots-parser/-/robots-parser-2.1.1.tgz#41b289cf44a6aa136dc62be0085adca954573ab0"
  integrity sha512-6yWEYSdhK3bAEcYY0In3wgSBK70BiQoJArzdjZKCP/35b3gKIYu5Lc0qQqsoxjoLVebVoJiKK4VWGc5+oxvWBQ==
